// !$*UTF8*$!
{
	archiveVersion = 1;
	classes = {
	};
	objectVersion = 50;
	objects = {

/* Begin PBXBuildFile section */
		3B84E94CEB62C9768A62B9C5 /* Pods_Befit.framework in Frameworks */ = {isa = PBXBuildFile; fileRef = 9BE1C5D46AEA35680C9E2CCD /* Pods_Befit.framework */; };
		501F73E521D92BD0000D2F3E /* RankTVCell.swift in Sources */ = {isa = PBXBuildFile; fileRef = 501F73E421D92BD0000D2F3E /* RankTVCell.swift */; };
		5031148521E1E9FB008D81AC /* BrandRankService.swift in Sources */ = {isa = PBXBuildFile; fileRef = 5031148421E1E9FB008D81AC /* BrandRankService.swift */; };
		5031148921E1EAC5008D81AC /* Brand.swift in Sources */ = {isa = PBXBuildFile; fileRef = 5031148821E1EAC5008D81AC /* Brand.swift */; };
		5031148C21E22A42008D81AC /* LikeBrandService.swift in Sources */ = {isa = PBXBuildFile; fileRef = 5031148B21E22A42008D81AC /* LikeBrandService.swift */; };
		5031148E21E22A4F008D81AC /* LikeProductService.swift in Sources */ = {isa = PBXBuildFile; fileRef = 5031148D21E22A4F008D81AC /* LikeProductService.swift */; };
		5031149421E27D0E008D81AC /* SearchCRV.swift in Sources */ = {isa = PBXBuildFile; fileRef = 5031149321E27D0E008D81AC /* SearchCRV.swift */; };
		5031149621E34A6F008D81AC /* Brand.storyboard in Resources */ = {isa = PBXBuildFile; fileRef = 5031149521E34A6F008D81AC /* Brand.storyboard */; };
		5031149821E34A80008D81AC /* Product.storyboard in Resources */ = {isa = PBXBuildFile; fileRef = 5031149721E34A80008D81AC /* Product.storyboard */; };
		5031149B21E34F31008D81AC /* BrandCRV.swift in Sources */ = {isa = PBXBuildFile; fileRef = 5031149A21E34F31008D81AC /* BrandCRV.swift */; };
		5031149E21E36CB9008D81AC /* ProductVC.swift in Sources */ = {isa = PBXBuildFile; fileRef = 5031149D21E36CB9008D81AC /* ProductVC.swift */; };
		503114A021E37EC5008D81AC /* Product.swift in Sources */ = {isa = PBXBuildFile; fileRef = 5031149F21E37EC5008D81AC /* Product.swift */; };
		503114A221E37ED9008D81AC /* Measure.swift in Sources */ = {isa = PBXBuildFile; fileRef = 503114A121E37ED9008D81AC /* Measure.swift */; };
		503114A521E37F80008D81AC /* L.swift in Sources */ = {isa = PBXBuildFile; fileRef = 503114A421E37F80008D81AC /* L.swift */; };
		503114A721E37F86008D81AC /* M.swift in Sources */ = {isa = PBXBuildFile; fileRef = 503114A621E37F86008D81AC /* M.swift */; };
		503114A921E37F8D008D81AC /* S.swift in Sources */ = {isa = PBXBuildFile; fileRef = 503114A821E37F8D008D81AC /* S.swift */; };
		503114AC21E38714008D81AC /* SearchFirstService.swift in Sources */ = {isa = PBXBuildFile; fileRef = 503114AB21E38714008D81AC /* SearchFirstService.swift */; };
		503114AE21E3C5F7008D81AC /* UserInfoService.swift in Sources */ = {isa = PBXBuildFile; fileRef = 503114AD21E3C5F7008D81AC /* UserInfoService.swift */; };
		503114B021E3C646008D81AC /* User.swift in Sources */ = {isa = PBXBuildFile; fileRef = 503114AF21E3C646008D81AC /* User.swift */; };
		503114B221E3CF64008D81AC /* SetUserInfoService.swift in Sources */ = {isa = PBXBuildFile; fileRef = 503114B121E3CF64008D81AC /* SetUserInfoService.swift */; };
		503114B421E44F53008D81AC /* ChangeBrandVC.swift in Sources */ = {isa = PBXBuildFile; fileRef = 503114B321E44F53008D81AC /* ChangeBrandVC.swift */; };
		503114B721E4519C008D81AC /* ChangeBrandService.swift in Sources */ = {isa = PBXBuildFile; fileRef = 503114B621E4519C008D81AC /* ChangeBrandService.swift */; };
		503114BA21E4771D008D81AC /* GetClosetListService.swift in Sources */ = {isa = PBXBuildFile; fileRef = 503114B921E4771D008D81AC /* GetClosetListService.swift */; };
		503114BC21E47962008D81AC /* Closet.swift in Sources */ = {isa = PBXBuildFile; fileRef = 503114BB21E47962008D81AC /* Closet.swift */; };
		503114BE21E48812008D81AC /* BrandSelectService.swift in Sources */ = {isa = PBXBuildFile; fileRef = 503114BD21E48812008D81AC /* BrandSelectService.swift */; };
		503114C021E4881E008D81AC /* ProductSelectService.swift in Sources */ = {isa = PBXBuildFile; fileRef = 503114BF21E4881E008D81AC /* ProductSelectService.swift */; };
		503114C221E4F9AF008D81AC /* AddClosetService.swift in Sources */ = {isa = PBXBuildFile; fileRef = 503114C121E4F9AF008D81AC /* AddClosetService.swift */; };
		503DF98D21D88A12001F950D /* SearchBrandTVC.swift in Sources */ = {isa = PBXBuildFile; fileRef = 503DF98C21D88A12001F950D /* SearchBrandTVC.swift */; };
		504CBAEB21D9DA38008606F7 /* UserInfoAdminVC.swift in Sources */ = {isa = PBXBuildFile; fileRef = 504CBAEA21D9DA38008606F7 /* UserInfoAdminVC.swift */; };
		504CBAED21D9DA46008606F7 /* PostCodeVC.swift in Sources */ = {isa = PBXBuildFile; fileRef = 504CBAEC21D9DA46008606F7 /* PostCodeVC.swift */; };
		5066557721D21FDF00580137 /* AppDelegate.swift in Sources */ = {isa = PBXBuildFile; fileRef = 5066557621D21FDF00580137 /* AppDelegate.swift */; };
		5066557921D21FDF00580137 /* MainVC.swift in Sources */ = {isa = PBXBuildFile; fileRef = 5066557821D21FDF00580137 /* MainVC.swift */; };
		5066557C21D21FDF00580137 /* Main.storyboard in Resources */ = {isa = PBXBuildFile; fileRef = 5066557A21D21FDF00580137 /* Main.storyboard */; };
		5066557E21D21FE000580137 /* Assets.xcassets in Resources */ = {isa = PBXBuildFile; fileRef = 5066557D21D21FE000580137 /* Assets.xcassets */; };
		5066558121D21FE000580137 /* LaunchScreen.storyboard in Resources */ = {isa = PBXBuildFile; fileRef = 5066557F21D21FE000580137 /* LaunchScreen.storyboard */; };
		5066558E21D228C900580137 /* Category.swift in Sources */ = {isa = PBXBuildFile; fileRef = 5066558D21D228C900580137 /* Category.swift */; };
		5066559221D22A8900580137 /* LogIn.storyboard in Resources */ = {isa = PBXBuildFile; fileRef = 5066559121D22A8900580137 /* LogIn.storyboard */; };
		506655BA21D2546900580137 /* LogInVC.swift in Sources */ = {isa = PBXBuildFile; fileRef = 506655B921D2546900580137 /* LogInVC.swift */; };
		506655BC21D2547500580137 /* UserInfoVC3.swift in Sources */ = {isa = PBXBuildFile; fileRef = 506655BB21D2547500580137 /* UserInfoVC3.swift */; };
		506655BE21D2548000580137 /* UserInfoVC1.swift in Sources */ = {isa = PBXBuildFile; fileRef = 506655BD21D2548000580137 /* UserInfoVC1.swift */; };
		506655C021D2548A00580137 /* UserInfoVC2.swift in Sources */ = {isa = PBXBuildFile; fileRef = 506655BF21D2548A00580137 /* UserInfoVC2.swift */; };
		506655C421D2578100580137 /* Search.storyboard in Resources */ = {isa = PBXBuildFile; fileRef = 506655C321D2578100580137 /* Search.storyboard */; };
		506655C721D257CF00580137 /* SearchVC.swift in Sources */ = {isa = PBXBuildFile; fileRef = 506655C621D257CF00580137 /* SearchVC.swift */; };
		506655C921D258FA00580137 /* Rank.storyboard in Resources */ = {isa = PBXBuildFile; fileRef = 506655C821D258FA00580137 /* Rank.storyboard */; };
		506655CC21D2592400580137 /* RankVC.swift in Sources */ = {isa = PBXBuildFile; fileRef = 506655CB21D2592400580137 /* RankVC.swift */; };
		506655CE21D259F200580137 /* Like.storyboard in Resources */ = {isa = PBXBuildFile; fileRef = 506655CD21D259F200580137 /* Like.storyboard */; };
		506655D121D25A4A00580137 /* LikeVC.swift in Sources */ = {isa = PBXBuildFile; fileRef = 506655D021D25A4A00580137 /* LikeVC.swift */; };
		506655D321D25AD100580137 /* MyPage.storyboard in Resources */ = {isa = PBXBuildFile; fileRef = 506655D221D25AD100580137 /* MyPage.storyboard */; };
		506655D621D25B1100580137 /* MyPageVC.swift in Sources */ = {isa = PBXBuildFile; fileRef = 506655D521D25B1100580137 /* MyPageVC.swift */; };
		506655D821D25E4900580137 /* CategoryVC.swift in Sources */ = {isa = PBXBuildFile; fileRef = 506655D721D25E4900580137 /* CategoryVC.swift */; };
		506655DA21D26FF900580137 /* CategoryTVCell.swift in Sources */ = {isa = PBXBuildFile; fileRef = 506655D921D26FF900580137 /* CategoryTVCell.swift */; };
		5068A52F21DD3F4F00F22E95 /* SizeInfoVC2.swift in Sources */ = {isa = PBXBuildFile; fileRef = 5068A52E21DD3F4F00F22E95 /* SizeInfoVC2.swift */; };
		5068A53121DD3F7100F22E95 /* SizeInfoVC3.swift in Sources */ = {isa = PBXBuildFile; fileRef = 5068A53021DD3F7100F22E95 /* SizeInfoVC3.swift */; };
		5068A53321DDD8A000F22E95 /* SizeInfo2CVCell.swift in Sources */ = {isa = PBXBuildFile; fileRef = 5068A53221DDD8A000F22E95 /* SizeInfo2CVCell.swift */; };
		5068A53521DDDA2500F22E95 /* SizeInfo3TVCell.swift in Sources */ = {isa = PBXBuildFile; fileRef = 5068A53421DDDA2500F22E95 /* SizeInfo3TVCell.swift */; };
		5068A53921DE262600F22E95 /* BrandSelectVC.swift in Sources */ = {isa = PBXBuildFile; fileRef = 5068A53821DE262600F22E95 /* BrandSelectVC.swift */; };
		5068A53B21DE263C00F22E95 /* ProductSelectVC.swift in Sources */ = {isa = PBXBuildFile; fileRef = 5068A53A21DE263C00F22E95 /* ProductSelectVC.swift */; };
		5068A53D21DE29DB00F22E95 /* ProductSelectTVCell.swift in Sources */ = {isa = PBXBuildFile; fileRef = 5068A53C21DE29DB00F22E95 /* ProductSelectTVCell.swift */; };
		5068A53F21DE29E900F22E95 /* BrandSelectTVCell.swift in Sources */ = {isa = PBXBuildFile; fileRef = 5068A53E21DE29E900F22E95 /* BrandSelectTVCell.swift */; };
		506E5C5021D546660016549B /* LikeBrandTVCell.swift in Sources */ = {isa = PBXBuildFile; fileRef = 506E5C4F21D546660016549B /* LikeBrandTVCell.swift */; };
		506E5C5221D5D7240016549B /* LikeProductCVCell.swift in Sources */ = {isa = PBXBuildFile; fileRef = 506E5C5121D5D7240016549B /* LikeProductCVCell.swift */; };
		506E5C5621D5D8080016549B /* LikeProductCVC.swift in Sources */ = {isa = PBXBuildFile; fileRef = 506E5C5521D5D8080016549B /* LikeProductCVC.swift */; };
		506E5C5821D60F840016549B /* MyPageTVCell.swift in Sources */ = {isa = PBXBuildFile; fileRef = 506E5C5721D60F840016549B /* MyPageTVCell.swift */; };
		506E5C5A21D64BA10016549B /* SettingVC.swift in Sources */ = {isa = PBXBuildFile; fileRef = 506E5C5921D64BA10016549B /* SettingVC.swift */; };
		506E5C6121D74EA80016549B /* SearchProductVC.swift in Sources */ = {isa = PBXBuildFile; fileRef = 506E5C6021D74EA80016549B /* SearchProductVC.swift */; };
		506E5C6521D756A50016549B /* SearchVC2.swift in Sources */ = {isa = PBXBuildFile; fileRef = 506E5C6421D756A50016549B /* SearchVC2.swift */; };
		506E5C6721D7584D0016549B /* SearchProductCVCell.swift in Sources */ = {isa = PBXBuildFile; fileRef = 506E5C6621D7584D0016549B /* SearchProductCVCell.swift */; };
		506E5C6921D758680016549B /* SearchBrandTVCell.swift in Sources */ = {isa = PBXBuildFile; fileRef = 506E5C6821D758680016549B /* SearchBrandTVCell.swift */; };
		5082DF6C21D4AF2900E4135D /* LikeBrandTVC.swift in Sources */ = {isa = PBXBuildFile; fileRef = 5082DF6B21D4AF2900E4135D /* LikeBrandTVC.swift */; };
		50B9A7CF21DB2F6E0088E02D /* SizeInfoVC1.swift in Sources */ = {isa = PBXBuildFile; fileRef = 50B9A7CE21DB2F6E0088E02D /* SizeInfoVC1.swift */; };
		50B9A7D121DB30D50088E02D /* SizeInfo1TVCell.swift in Sources */ = {isa = PBXBuildFile; fileRef = 50B9A7D021DB30D50088E02D /* SizeInfo1TVCell.swift */; };
		50DD803721E088BD00E6F743 /* CategoryDetailVC.swift in Sources */ = {isa = PBXBuildFile; fileRef = 50DD803621E088BD00E6F743 /* CategoryDetailVC.swift */; };
		50DD803921E0890000E6F743 /* CategoryDetailCVCell.swift in Sources */ = {isa = PBXBuildFile; fileRef = 50DD803821E0890000E6F743 /* CategoryDetailCVCell.swift */; };
		50DD803B21E0BE7E00E6F743 /* SearchVC1.swift in Sources */ = {isa = PBXBuildFile; fileRef = 50DD803A21E0BE7E00E6F743 /* SearchVC1.swift */; };
		50DD803D21E0C37F00E6F743 /* SearchCVCell.swift in Sources */ = {isa = PBXBuildFile; fileRef = 50DD803C21E0C37F00E6F743 /* SearchCVCell.swift */; };
		50DD803F21E0D71D00E6F743 /* MySizeVC.swift in Sources */ = {isa = PBXBuildFile; fileRef = 50DD803E21E0D71D00E6F743 /* MySizeVC.swift */; };
		50DD804321E19E6900E6F743 /* NetworkResult.swift in Sources */ = {isa = PBXBuildFile; fileRef = 50DD804221E19E6900E6F743 /* NetworkResult.swift */; };
		50DD804521E1AA5800E6F743 /* APIManager.swift in Sources */ = {isa = PBXBuildFile; fileRef = 50DD804421E1AA5800E6F743 /* APIManager.swift */; };
		50DD804721E1AA9F00E6F743 /* Requestable.swift in Sources */ = {isa = PBXBuildFile; fileRef = 50DD804621E1AA9F00E6F743 /* Requestable.swift */; };
		50DD804921E1AACA00E6F743 /* Token.swift in Sources */ = {isa = PBXBuildFile; fileRef = 50DD804821E1AACA00E6F743 /* Token.swift */; };
		50DD804B21E1AAE400E6F743 /* ResponseObject.swift in Sources */ = {isa = PBXBuildFile; fileRef = 50DD804A21E1AAE400E6F743 /* ResponseObject.swift */; };
		50DD804D21E1AAFC00E6F743 /* ResponseArray.swift in Sources */ = {isa = PBXBuildFile; fileRef = 50DD804C21E1AAFC00E6F743 /* ResponseArray.swift */; };
		50DD804F21E1AB8E00E6F743 /* UIImageView+Extensions.swift in Sources */ = {isa = PBXBuildFile; fileRef = 50DD804E21E1AB8E00E6F743 /* UIImageView+Extensions.swift */; };
		50DD805121E1ABAB00E6F743 /* UIViewController+Extensions.swift in Sources */ = {isa = PBXBuildFile; fileRef = 50DD805021E1ABAB00E6F743 /* UIViewController+Extensions.swift */; };
		50DD805421E1B1D200E6F743 /* LogInService.swift in Sources */ = {isa = PBXBuildFile; fileRef = 50DD805321E1B1D200E6F743 /* LogInService.swift */; };
		50DD805621E1C5D400E6F743 /* FindPWService.swift in Sources */ = {isa = PBXBuildFile; fileRef = 50DD805521E1C5D400E6F743 /* FindPWService.swift */; };
		50DD805821E1CF3000E6F743 /* PWSettingService.swift in Sources */ = {isa = PBXBuildFile; fileRef = 50DD805721E1CF3000E6F743 /* PWSettingService.swift */; };
		50DD805A21E1D8FD00E6F743 /* SignUpService.swift in Sources */ = {isa = PBXBuildFile; fileRef = 50DD805921E1D8FD00E6F743 /* SignUpService.swift */; };
		A59B1CDA21D87F2100C2B6F2 /* PWSettingVC.swift in Sources */ = {isa = PBXBuildFile; fileRef = A59B1CD921D87F2100C2B6F2 /* PWSettingVC.swift */; };
		A59B1CDC21D9BA6E00C2B6F2 /* FindPWVC.swift in Sources */ = {isa = PBXBuildFile; fileRef = A59B1CDB21D9BA6E00C2B6F2 /* FindPWVC.swift */; };
		A5BA69AC21E1C73300949E42 /* BrandVC.swift in Sources */ = {isa = PBXBuildFile; fileRef = A5BA69AB21E1C73300949E42 /* BrandVC.swift */; };
		A5BA69AE21E1DCB200949E42 /* DescriptionVC.swift in Sources */ = {isa = PBXBuildFile; fileRef = A5BA69AD21E1DCB200949E42 /* DescriptionVC.swift */; };
		A5D2EB5621E09834002C23A7 /* ExtensionControl.swift in Sources */ = {isa = PBXBuildFile; fileRef = A5D2EB5521E09834002C23A7 /* ExtensionControl.swift */; };
/* End PBXBuildFile section */

/* Begin PBXFileReference section */
		4E9628501C4FE32118E472D1 /* Pods-Befit.debug.xcconfig */ = {isa = PBXFileReference; includeInIndex = 1; lastKnownFileType = text.xcconfig; name = "Pods-Befit.debug.xcconfig"; path = "Pods/Target Support Files/Pods-Befit/Pods-Befit.debug.xcconfig"; sourceTree = "<group>"; };
		501F73E421D92BD0000D2F3E /* RankTVCell.swift */ = {isa = PBXFileReference; lastKnownFileType = sourcecode.swift; path = RankTVCell.swift; sourceTree = "<group>"; };
		5031148421E1E9FB008D81AC /* BrandRankService.swift */ = {isa = PBXFileReference; lastKnownFileType = sourcecode.swift; path = BrandRankService.swift; sourceTree = "<group>"; };
		5031148821E1EAC5008D81AC /* Brand.swift */ = {isa = PBXFileReference; lastKnownFileType = sourcecode.swift; path = Brand.swift; sourceTree = "<group>"; };
		5031148B21E22A42008D81AC /* LikeBrandService.swift */ = {isa = PBXFileReference; lastKnownFileType = sourcecode.swift; path = LikeBrandService.swift; sourceTree = "<group>"; };
		5031148D21E22A4F008D81AC /* LikeProductService.swift */ = {isa = PBXFileReference; lastKnownFileType = sourcecode.swift; path = LikeProductService.swift; sourceTree = "<group>"; };
		5031149321E27D0E008D81AC /* SearchCRV.swift */ = {isa = PBXFileReference; lastKnownFileType = sourcecode.swift; path = SearchCRV.swift; sourceTree = "<group>"; };
		5031149521E34A6F008D81AC /* Brand.storyboard */ = {isa = PBXFileReference; lastKnownFileType = file.storyboard; path = Brand.storyboard; sourceTree = "<group>"; };
		5031149721E34A80008D81AC /* Product.storyboard */ = {isa = PBXFileReference; lastKnownFileType = file.storyboard; path = Product.storyboard; sourceTree = "<group>"; };
		5031149A21E34F31008D81AC /* BrandCRV.swift */ = {isa = PBXFileReference; lastKnownFileType = sourcecode.swift; path = BrandCRV.swift; sourceTree = "<group>"; };
		5031149D21E36CB9008D81AC /* ProductVC.swift */ = {isa = PBXFileReference; lastKnownFileType = sourcecode.swift; path = ProductVC.swift; sourceTree = "<group>"; };
		5031149F21E37EC5008D81AC /* Product.swift */ = {isa = PBXFileReference; lastKnownFileType = sourcecode.swift; path = Product.swift; sourceTree = "<group>"; };
		503114A121E37ED9008D81AC /* Measure.swift */ = {isa = PBXFileReference; lastKnownFileType = sourcecode.swift; path = Measure.swift; sourceTree = "<group>"; };
		503114A421E37F80008D81AC /* L.swift */ = {isa = PBXFileReference; lastKnownFileType = sourcecode.swift; path = L.swift; sourceTree = "<group>"; };
		503114A621E37F86008D81AC /* M.swift */ = {isa = PBXFileReference; lastKnownFileType = sourcecode.swift; path = M.swift; sourceTree = "<group>"; };
		503114A821E37F8D008D81AC /* S.swift */ = {isa = PBXFileReference; lastKnownFileType = sourcecode.swift; path = S.swift; sourceTree = "<group>"; };
		503114AB21E38714008D81AC /* SearchFirstService.swift */ = {isa = PBXFileReference; lastKnownFileType = sourcecode.swift; path = SearchFirstService.swift; sourceTree = "<group>"; };
		503114AD21E3C5F7008D81AC /* UserInfoService.swift */ = {isa = PBXFileReference; lastKnownFileType = sourcecode.swift; path = UserInfoService.swift; sourceTree = "<group>"; };
		503114AF21E3C646008D81AC /* User.swift */ = {isa = PBXFileReference; lastKnownFileType = sourcecode.swift; path = User.swift; sourceTree = "<group>"; };
		503114B121E3CF64008D81AC /* SetUserInfoService.swift */ = {isa = PBXFileReference; lastKnownFileType = sourcecode.swift; path = SetUserInfoService.swift; sourceTree = "<group>"; };
		503114B321E44F53008D81AC /* ChangeBrandVC.swift */ = {isa = PBXFileReference; lastKnownFileType = sourcecode.swift; path = ChangeBrandVC.swift; sourceTree = "<group>"; };
		503114B621E4519C008D81AC /* ChangeBrandService.swift */ = {isa = PBXFileReference; lastKnownFileType = sourcecode.swift; path = ChangeBrandService.swift; sourceTree = "<group>"; };
		503114B921E4771D008D81AC /* GetClosetListService.swift */ = {isa = PBXFileReference; lastKnownFileType = sourcecode.swift; path = GetClosetListService.swift; sourceTree = "<group>"; };
		503114BB21E47962008D81AC /* Closet.swift */ = {isa = PBXFileReference; lastKnownFileType = sourcecode.swift; path = Closet.swift; sourceTree = "<group>"; };
		503114BD21E48812008D81AC /* BrandSelectService.swift */ = {isa = PBXFileReference; lastKnownFileType = sourcecode.swift; path = BrandSelectService.swift; sourceTree = "<group>"; };
		503114BF21E4881E008D81AC /* ProductSelectService.swift */ = {isa = PBXFileReference; lastKnownFileType = sourcecode.swift; path = ProductSelectService.swift; sourceTree = "<group>"; };
		503114C121E4F9AF008D81AC /* AddClosetService.swift */ = {isa = PBXFileReference; lastKnownFileType = sourcecode.swift; path = AddClosetService.swift; sourceTree = "<group>"; };
		503DF98C21D88A12001F950D /* SearchBrandTVC.swift */ = {isa = PBXFileReference; lastKnownFileType = sourcecode.swift; path = SearchBrandTVC.swift; sourceTree = "<group>"; };
		504CBAEA21D9DA38008606F7 /* UserInfoAdminVC.swift */ = {isa = PBXFileReference; lastKnownFileType = sourcecode.swift; path = UserInfoAdminVC.swift; sourceTree = "<group>"; };
		504CBAEC21D9DA46008606F7 /* PostCodeVC.swift */ = {isa = PBXFileReference; lastKnownFileType = sourcecode.swift; path = PostCodeVC.swift; sourceTree = "<group>"; };
		5066557321D21FDF00580137 /* Befit.app */ = {isa = PBXFileReference; explicitFileType = wrapper.application; includeInIndex = 0; path = Befit.app; sourceTree = BUILT_PRODUCTS_DIR; };
		5066557621D21FDF00580137 /* AppDelegate.swift */ = {isa = PBXFileReference; lastKnownFileType = sourcecode.swift; path = AppDelegate.swift; sourceTree = "<group>"; };
		5066557821D21FDF00580137 /* MainVC.swift */ = {isa = PBXFileReference; lastKnownFileType = sourcecode.swift; path = MainVC.swift; sourceTree = "<group>"; };
		5066557B21D21FDF00580137 /* Base */ = {isa = PBXFileReference; lastKnownFileType = file.storyboard; name = Base; path = Base.lproj/Main.storyboard; sourceTree = "<group>"; };
		5066557D21D21FE000580137 /* Assets.xcassets */ = {isa = PBXFileReference; lastKnownFileType = folder.assetcatalog; path = Assets.xcassets; sourceTree = "<group>"; };
		5066558021D21FE000580137 /* Base */ = {isa = PBXFileReference; lastKnownFileType = file.storyboard; name = Base; path = Base.lproj/LaunchScreen.storyboard; sourceTree = "<group>"; };
		5066558221D21FE000580137 /* Info.plist */ = {isa = PBXFileReference; lastKnownFileType = text.plist.xml; path = Info.plist; sourceTree = "<group>"; };
		5066558D21D228C900580137 /* Category.swift */ = {isa = PBXFileReference; lastKnownFileType = sourcecode.swift; path = Category.swift; sourceTree = "<group>"; };
		5066559121D22A8900580137 /* LogIn.storyboard */ = {isa = PBXFileReference; lastKnownFileType = file.storyboard; path = LogIn.storyboard; sourceTree = "<group>"; };
		506655B921D2546900580137 /* LogInVC.swift */ = {isa = PBXFileReference; lastKnownFileType = sourcecode.swift; path = LogInVC.swift; sourceTree = "<group>"; };
		506655BB21D2547500580137 /* UserInfoVC3.swift */ = {isa = PBXFileReference; lastKnownFileType = sourcecode.swift; path = UserInfoVC3.swift; sourceTree = "<group>"; };
		506655BD21D2548000580137 /* UserInfoVC1.swift */ = {isa = PBXFileReference; lastKnownFileType = sourcecode.swift; path = UserInfoVC1.swift; sourceTree = "<group>"; };
		506655BF21D2548A00580137 /* UserInfoVC2.swift */ = {isa = PBXFileReference; lastKnownFileType = sourcecode.swift; path = UserInfoVC2.swift; sourceTree = "<group>"; };
		506655C321D2578100580137 /* Search.storyboard */ = {isa = PBXFileReference; lastKnownFileType = file.storyboard; path = Search.storyboard; sourceTree = "<group>"; };
		506655C621D257CF00580137 /* SearchVC.swift */ = {isa = PBXFileReference; lastKnownFileType = sourcecode.swift; path = SearchVC.swift; sourceTree = "<group>"; };
		506655C821D258FA00580137 /* Rank.storyboard */ = {isa = PBXFileReference; lastKnownFileType = file.storyboard; path = Rank.storyboard; sourceTree = "<group>"; };
		506655CB21D2592400580137 /* RankVC.swift */ = {isa = PBXFileReference; lastKnownFileType = sourcecode.swift; path = RankVC.swift; sourceTree = "<group>"; };
		506655CD21D259F200580137 /* Like.storyboard */ = {isa = PBXFileReference; lastKnownFileType = file.storyboard; path = Like.storyboard; sourceTree = "<group>"; };
		506655D021D25A4A00580137 /* LikeVC.swift */ = {isa = PBXFileReference; lastKnownFileType = sourcecode.swift; path = LikeVC.swift; sourceTree = "<group>"; };
		506655D221D25AD100580137 /* MyPage.storyboard */ = {isa = PBXFileReference; lastKnownFileType = file.storyboard; path = MyPage.storyboard; sourceTree = "<group>"; };
		506655D521D25B1100580137 /* MyPageVC.swift */ = {isa = PBXFileReference; lastKnownFileType = sourcecode.swift; path = MyPageVC.swift; sourceTree = "<group>"; };
		506655D721D25E4900580137 /* CategoryVC.swift */ = {isa = PBXFileReference; lastKnownFileType = sourcecode.swift; path = CategoryVC.swift; sourceTree = "<group>"; };
		506655D921D26FF900580137 /* CategoryTVCell.swift */ = {isa = PBXFileReference; lastKnownFileType = sourcecode.swift; path = CategoryTVCell.swift; sourceTree = "<group>"; };
		5068A52E21DD3F4F00F22E95 /* SizeInfoVC2.swift */ = {isa = PBXFileReference; lastKnownFileType = sourcecode.swift; path = SizeInfoVC2.swift; sourceTree = "<group>"; };
		5068A53021DD3F7100F22E95 /* SizeInfoVC3.swift */ = {isa = PBXFileReference; lastKnownFileType = sourcecode.swift; path = SizeInfoVC3.swift; sourceTree = "<group>"; };
		5068A53221DDD8A000F22E95 /* SizeInfo2CVCell.swift */ = {isa = PBXFileReference; lastKnownFileType = sourcecode.swift; path = SizeInfo2CVCell.swift; sourceTree = "<group>"; };
		5068A53421DDDA2500F22E95 /* SizeInfo3TVCell.swift */ = {isa = PBXFileReference; lastKnownFileType = sourcecode.swift; path = SizeInfo3TVCell.swift; sourceTree = "<group>"; };
		5068A53821DE262600F22E95 /* BrandSelectVC.swift */ = {isa = PBXFileReference; lastKnownFileType = sourcecode.swift; path = BrandSelectVC.swift; sourceTree = "<group>"; };
		5068A53A21DE263C00F22E95 /* ProductSelectVC.swift */ = {isa = PBXFileReference; lastKnownFileType = sourcecode.swift; path = ProductSelectVC.swift; sourceTree = "<group>"; };
		5068A53C21DE29DB00F22E95 /* ProductSelectTVCell.swift */ = {isa = PBXFileReference; lastKnownFileType = sourcecode.swift; path = ProductSelectTVCell.swift; sourceTree = "<group>"; };
		5068A53E21DE29E900F22E95 /* BrandSelectTVCell.swift */ = {isa = PBXFileReference; lastKnownFileType = sourcecode.swift; path = BrandSelectTVCell.swift; sourceTree = "<group>"; };
		506E5C4F21D546660016549B /* LikeBrandTVCell.swift */ = {isa = PBXFileReference; lastKnownFileType = sourcecode.swift; path = LikeBrandTVCell.swift; sourceTree = "<group>"; };
		506E5C5121D5D7240016549B /* LikeProductCVCell.swift */ = {isa = PBXFileReference; lastKnownFileType = sourcecode.swift; path = LikeProductCVCell.swift; sourceTree = "<group>"; };
		506E5C5521D5D8080016549B /* LikeProductCVC.swift */ = {isa = PBXFileReference; lastKnownFileType = sourcecode.swift; path = LikeProductCVC.swift; sourceTree = "<group>"; };
		506E5C5721D60F840016549B /* MyPageTVCell.swift */ = {isa = PBXFileReference; lastKnownFileType = sourcecode.swift; path = MyPageTVCell.swift; sourceTree = "<group>"; };
		506E5C5921D64BA10016549B /* SettingVC.swift */ = {isa = PBXFileReference; lastKnownFileType = sourcecode.swift; path = SettingVC.swift; sourceTree = "<group>"; };
		506E5C6021D74EA80016549B /* SearchProductVC.swift */ = {isa = PBXFileReference; lastKnownFileType = sourcecode.swift; path = SearchProductVC.swift; sourceTree = "<group>"; };
		506E5C6421D756A50016549B /* SearchVC2.swift */ = {isa = PBXFileReference; lastKnownFileType = sourcecode.swift; path = SearchVC2.swift; sourceTree = "<group>"; };
		506E5C6621D7584D0016549B /* SearchProductCVCell.swift */ = {isa = PBXFileReference; lastKnownFileType = sourcecode.swift; path = SearchProductCVCell.swift; sourceTree = "<group>"; };
		506E5C6821D758680016549B /* SearchBrandTVCell.swift */ = {isa = PBXFileReference; lastKnownFileType = sourcecode.swift; path = SearchBrandTVCell.swift; sourceTree = "<group>"; };
		5082DF6B21D4AF2900E4135D /* LikeBrandTVC.swift */ = {isa = PBXFileReference; lastKnownFileType = sourcecode.swift; path = LikeBrandTVC.swift; sourceTree = "<group>"; };
		50B9A7CE21DB2F6E0088E02D /* SizeInfoVC1.swift */ = {isa = PBXFileReference; lastKnownFileType = sourcecode.swift; path = SizeInfoVC1.swift; sourceTree = "<group>"; };
		50B9A7D021DB30D50088E02D /* SizeInfo1TVCell.swift */ = {isa = PBXFileReference; lastKnownFileType = sourcecode.swift; path = SizeInfo1TVCell.swift; sourceTree = "<group>"; };
		50DD803621E088BD00E6F743 /* CategoryDetailVC.swift */ = {isa = PBXFileReference; lastKnownFileType = sourcecode.swift; path = CategoryDetailVC.swift; sourceTree = "<group>"; };
		50DD803821E0890000E6F743 /* CategoryDetailCVCell.swift */ = {isa = PBXFileReference; lastKnownFileType = sourcecode.swift; path = CategoryDetailCVCell.swift; sourceTree = "<group>"; };
		50DD803A21E0BE7E00E6F743 /* SearchVC1.swift */ = {isa = PBXFileReference; lastKnownFileType = sourcecode.swift; path = SearchVC1.swift; sourceTree = "<group>"; };
		50DD803C21E0C37F00E6F743 /* SearchCVCell.swift */ = {isa = PBXFileReference; lastKnownFileType = sourcecode.swift; path = SearchCVCell.swift; sourceTree = "<group>"; };
		50DD803E21E0D71D00E6F743 /* MySizeVC.swift */ = {isa = PBXFileReference; lastKnownFileType = sourcecode.swift; path = MySizeVC.swift; sourceTree = "<group>"; };
		50DD804221E19E6900E6F743 /* NetworkResult.swift */ = {isa = PBXFileReference; lastKnownFileType = sourcecode.swift; path = NetworkResult.swift; sourceTree = "<group>"; };
		50DD804421E1AA5800E6F743 /* APIManager.swift */ = {isa = PBXFileReference; lastKnownFileType = sourcecode.swift; path = APIManager.swift; sourceTree = "<group>"; };
		50DD804621E1AA9F00E6F743 /* Requestable.swift */ = {isa = PBXFileReference; lastKnownFileType = sourcecode.swift; path = Requestable.swift; sourceTree = "<group>"; };
		50DD804821E1AACA00E6F743 /* Token.swift */ = {isa = PBXFileReference; lastKnownFileType = sourcecode.swift; path = Token.swift; sourceTree = "<group>"; };
		50DD804A21E1AAE400E6F743 /* ResponseObject.swift */ = {isa = PBXFileReference; lastKnownFileType = sourcecode.swift; path = ResponseObject.swift; sourceTree = "<group>"; };
		50DD804C21E1AAFC00E6F743 /* ResponseArray.swift */ = {isa = PBXFileReference; lastKnownFileType = sourcecode.swift; path = ResponseArray.swift; sourceTree = "<group>"; };
		50DD804E21E1AB8E00E6F743 /* UIImageView+Extensions.swift */ = {isa = PBXFileReference; lastKnownFileType = sourcecode.swift; path = "UIImageView+Extensions.swift"; sourceTree = "<group>"; };
		50DD805021E1ABAB00E6F743 /* UIViewController+Extensions.swift */ = {isa = PBXFileReference; lastKnownFileType = sourcecode.swift; path = "UIViewController+Extensions.swift"; sourceTree = "<group>"; };
		50DD805321E1B1D200E6F743 /* LogInService.swift */ = {isa = PBXFileReference; lastKnownFileType = sourcecode.swift; path = LogInService.swift; sourceTree = "<group>"; };
		50DD805521E1C5D400E6F743 /* FindPWService.swift */ = {isa = PBXFileReference; lastKnownFileType = sourcecode.swift; path = FindPWService.swift; sourceTree = "<group>"; };
		50DD805721E1CF3000E6F743 /* PWSettingService.swift */ = {isa = PBXFileReference; lastKnownFileType = sourcecode.swift; path = PWSettingService.swift; sourceTree = "<group>"; };
		50DD805921E1D8FD00E6F743 /* SignUpService.swift */ = {isa = PBXFileReference; lastKnownFileType = sourcecode.swift; path = SignUpService.swift; sourceTree = "<group>"; };
		9BE1C5D46AEA35680C9E2CCD /* Pods_Befit.framework */ = {isa = PBXFileReference; explicitFileType = wrapper.framework; includeInIndex = 0; path = Pods_Befit.framework; sourceTree = BUILT_PRODUCTS_DIR; };
		A59B1C9521D34EC600C2B6F2 /* KoPubDotumLight.ttf */ = {isa = PBXFileReference; lastKnownFileType = file; path = KoPubDotumLight.ttf; sourceTree = "<group>"; };
		A59B1C9621D34EC600C2B6F2 /* KoPubDotumBold.ttf */ = {isa = PBXFileReference; lastKnownFileType = file; path = KoPubDotumBold.ttf; sourceTree = "<group>"; };
		A59B1C9721D34EC600C2B6F2 /* KoPubDotumMedium.ttf */ = {isa = PBXFileReference; lastKnownFileType = file; path = KoPubDotumMedium.ttf; sourceTree = "<group>"; };
		A59B1CD921D87F2100C2B6F2 /* PWSettingVC.swift */ = {isa = PBXFileReference; lastKnownFileType = sourcecode.swift; path = PWSettingVC.swift; sourceTree = "<group>"; };
		A59B1CDB21D9BA6E00C2B6F2 /* FindPWVC.swift */ = {isa = PBXFileReference; lastKnownFileType = sourcecode.swift; path = FindPWVC.swift; sourceTree = "<group>"; };
		A5BA69AB21E1C73300949E42 /* BrandVC.swift */ = {isa = PBXFileReference; lastKnownFileType = sourcecode.swift; path = BrandVC.swift; sourceTree = "<group>"; };
		A5BA69AD21E1DCB200949E42 /* DescriptionVC.swift */ = {isa = PBXFileReference; lastKnownFileType = sourcecode.swift; path = DescriptionVC.swift; sourceTree = "<group>"; };
		A5D2EB5521E09834002C23A7 /* ExtensionControl.swift */ = {isa = PBXFileReference; lastKnownFileType = sourcecode.swift; path = ExtensionControl.swift; sourceTree = "<group>"; };
		C6F1753E98B305F8F0B08C8C /* Pods-Befit.release.xcconfig */ = {isa = PBXFileReference; includeInIndex = 1; lastKnownFileType = text.xcconfig; name = "Pods-Befit.release.xcconfig"; path = "Pods/Target Support Files/Pods-Befit/Pods-Befit.release.xcconfig"; sourceTree = "<group>"; };
/* End PBXFileReference section */

/* Begin PBXFrameworksBuildPhase section */
		5066557021D21FDF00580137 /* Frameworks */ = {
			isa = PBXFrameworksBuildPhase;
			buildActionMask = 2147483647;
			files = (
				3B84E94CEB62C9768A62B9C5 /* Pods_Befit.framework in Frameworks */,
			);
			runOnlyForDeploymentPostprocessing = 0;
		};
/* End PBXFrameworksBuildPhase section */

/* Begin PBXGroup section */
		501F73E321D92BB3000D2F3E /* Rank */ = {
			isa = PBXGroup;
			children = (
				501F73E421D92BD0000D2F3E /* RankTVCell.swift */,
			);
			path = Rank;
			sourceTree = "<group>";
		};
		5031148221E1E99F008D81AC /* LogIn */ = {
			isa = PBXGroup;
			children = (
				50DD805321E1B1D200E6F743 /* LogInService.swift */,
				50DD805521E1C5D400E6F743 /* FindPWService.swift */,
				50DD805721E1CF3000E6F743 /* PWSettingService.swift */,
				50DD805921E1D8FD00E6F743 /* SignUpService.swift */,
			);
			path = LogIn;
			sourceTree = "<group>";
		};
		5031148321E1E9AB008D81AC /* Brand */ = {
			isa = PBXGroup;
			children = (
				5031148421E1E9FB008D81AC /* BrandRankService.swift */,
			);
			path = Brand;
			sourceTree = "<group>";
		};
		5031148A21E22A0C008D81AC /* Like */ = {
			isa = PBXGroup;
			children = (
				5031148B21E22A42008D81AC /* LikeBrandService.swift */,
				5031148D21E22A4F008D81AC /* LikeProductService.swift */,
			);
			path = Like;
			sourceTree = "<group>";
		};
		5031149921E34F0A008D81AC /* Brand */ = {
			isa = PBXGroup;
			children = (
				5031149A21E34F31008D81AC /* BrandCRV.swift */,
			);
			path = Brand;
			sourceTree = "<group>";
		};
		5031149C21E36ABD008D81AC /* Product */ = {
			isa = PBXGroup;
			children = (
				5031149D21E36CB9008D81AC /* ProductVC.swift */,
			);
			path = Product;
			sourceTree = "<group>";
		};
		503114A321E37F4B008D81AC /* Size */ = {
			isa = PBXGroup;
			children = (
				503114A421E37F80008D81AC /* L.swift */,
				503114A621E37F86008D81AC /* M.swift */,
				503114A821E37F8D008D81AC /* S.swift */,
			);
			path = Size;
			sourceTree = "<group>";
		};
		503114AA21E386D4008D81AC /* Search */ = {
			isa = PBXGroup;
			children = (
				503114AB21E38714008D81AC /* SearchFirstService.swift */,
			);
			path = Search;
			sourceTree = "<group>";
		};
		503114B521E4517E008D81AC /* MyPage */ = {
			isa = PBXGroup;
			children = (
				503114B821E476F5008D81AC /* SizeInfo */,
				503114B621E4519C008D81AC /* ChangeBrandService.swift */,
				503114AD21E3C5F7008D81AC /* UserInfoService.swift */,
				503114B121E3CF64008D81AC /* SetUserInfoService.swift */,
			);
			path = MyPage;
			sourceTree = "<group>";
		};
		503114B821E476F5008D81AC /* SizeInfo */ = {
			isa = PBXGroup;
			children = (
				503114B921E4771D008D81AC /* GetClosetListService.swift */,
				503114BD21E48812008D81AC /* BrandSelectService.swift */,
				503114BF21E4881E008D81AC /* ProductSelectService.swift */,
				503114C121E4F9AF008D81AC /* AddClosetService.swift */,
			);
			path = SizeInfo;
			sourceTree = "<group>";
		};
		5066556A21D21FDF00580137 = {
			isa = PBXGroup;
			children = (
				5066557521D21FDF00580137 /* Befit */,
				5066557421D21FDF00580137 /* Products */,
				DC144B7C24892A3853F6A0DF /* Pods */,
				6773F0E3D5EDC3069E6DFDE0 /* Frameworks */,
			);
			sourceTree = "<group>";
		};
		5066557421D21FDF00580137 /* Products */ = {
			isa = PBXGroup;
			children = (
				5066557321D21FDF00580137 /* Befit.app */,
			);
			name = Products;
			sourceTree = "<group>";
		};
		5066557521D21FDF00580137 /* Befit */ = {
			isa = PBXGroup;
			children = (
				5066557621D21FDF00580137 /* AppDelegate.swift */,
				5066558821D2230D00580137 /* Storyboard */,
				5066558A21D2231D00580137 /* Model */,
				5066558921D2231500580137 /* View */,
				5066558B21D2232800580137 /* VC */,
				50DD804021E19E3300E6F743 /* Network */,
				5066558C21D2235A00580137 /* Resources */,
				50DD804121E19E4B00E6F743 /* Extension */,
			);
			path = Befit;
			sourceTree = "<group>";
		};
		5066558821D2230D00580137 /* Storyboard */ = {
			isa = PBXGroup;
			children = (
				5066557F21D21FE000580137 /* LaunchScreen.storyboard */,
				5066559121D22A8900580137 /* LogIn.storyboard */,
				5066557A21D21FDF00580137 /* Main.storyboard */,
				506655C321D2578100580137 /* Search.storyboard */,
				506655C821D258FA00580137 /* Rank.storyboard */,
				506655CD21D259F200580137 /* Like.storyboard */,
				506655D221D25AD100580137 /* MyPage.storyboard */,
				5031149521E34A6F008D81AC /* Brand.storyboard */,
				5031149721E34A80008D81AC /* Product.storyboard */,
			);
			path = Storyboard;
			sourceTree = "<group>";
		};
		5066558921D2231500580137 /* View */ = {
			isa = PBXGroup;
			children = (
				506E5C5B21D69E8F0016549B /* Main */,
				506E5C5E21D69ED30016549B /* Search */,
				501F73E321D92BB3000D2F3E /* Rank */,
				506E5C5C21D69E9A0016549B /* Like */,
				506E5C5D21D69EBB0016549B /* MyPage */,
				5031149921E34F0A008D81AC /* Brand */,
			);
			path = View;
			sourceTree = "<group>";
		};
		5066558A21D2231D00580137 /* Model */ = {
			isa = PBXGroup;
			children = (
				50DD804A21E1AAE400E6F743 /* ResponseObject.swift */,
				50DD804C21E1AAFC00E6F743 /* ResponseArray.swift */,
				50DD804821E1AACA00E6F743 /* Token.swift */,
				5066558D21D228C900580137 /* Category.swift */,
				503114AF21E3C646008D81AC /* User.swift */,
				5031148821E1EAC5008D81AC /* Brand.swift */,
				5031149F21E37EC5008D81AC /* Product.swift */,
				503114BB21E47962008D81AC /* Closet.swift */,
				503114A121E37ED9008D81AC /* Measure.swift */,
				503114A321E37F4B008D81AC /* Size */,
			);
			path = Model;
			sourceTree = "<group>";
		};
		5066558B21D2232800580137 /* VC */ = {
			isa = PBXGroup;
			children = (
				5066559321D22B0F00580137 /* LogIn */,
				5066559421D22B1800580137 /* Main */,
				506655C521D257AD00580137 /* Search */,
				506655CA21D2590C00580137 /* Rank */,
				506655CF21D25A3400580137 /* Like */,
				506655D421D25AFB00580137 /* MyPage */,
				5031149C21E36ABD008D81AC /* Product */,
			);
			path = VC;
			sourceTree = "<group>";
		};
		5066558C21D2235A00580137 /* Resources */ = {
			isa = PBXGroup;
			children = (
				A59B1C9621D34EC600C2B6F2 /* KoPubDotumBold.ttf */,
				A59B1C9521D34EC600C2B6F2 /* KoPubDotumLight.ttf */,
				A59B1C9721D34EC600C2B6F2 /* KoPubDotumMedium.ttf */,
				5066557D21D21FE000580137 /* Assets.xcassets */,
				5066558221D21FE000580137 /* Info.plist */,
			);
			path = Resources;
			sourceTree = "<group>";
		};
		5066559321D22B0F00580137 /* LogIn */ = {
			isa = PBXGroup;
			children = (
				506655B921D2546900580137 /* LogInVC.swift */,
				A59B1CDB21D9BA6E00C2B6F2 /* FindPWVC.swift */,
				A59B1CD921D87F2100C2B6F2 /* PWSettingVC.swift */,
				A5BA69AD21E1DCB200949E42 /* DescriptionVC.swift */,
				506655BD21D2548000580137 /* UserInfoVC1.swift */,
				506655BF21D2548A00580137 /* UserInfoVC2.swift */,
				506655BB21D2547500580137 /* UserInfoVC3.swift */,
			);
			path = LogIn;
			sourceTree = "<group>";
		};
		5066559421D22B1800580137 /* Main */ = {
			isa = PBXGroup;
			children = (
				5066557821D21FDF00580137 /* MainVC.swift */,
				506655D721D25E4900580137 /* CategoryVC.swift */,
				50DD803621E088BD00E6F743 /* CategoryDetailVC.swift */,
			);
			path = Main;
			sourceTree = "<group>";
		};
		506655C521D257AD00580137 /* Search */ = {
			isa = PBXGroup;
			children = (
				506655C621D257CF00580137 /* SearchVC.swift */,
				50DD803A21E0BE7E00E6F743 /* SearchVC1.swift */,
				506E5C6421D756A50016549B /* SearchVC2.swift */,
				506E5C6021D74EA80016549B /* SearchProductVC.swift */,
				503DF98C21D88A12001F950D /* SearchBrandTVC.swift */,
			);
			path = Search;
			sourceTree = "<group>";
		};
		506655CA21D2590C00580137 /* Rank */ = {
			isa = PBXGroup;
			children = (
				506655CB21D2592400580137 /* RankVC.swift */,
				A5BA69AB21E1C73300949E42 /* BrandVC.swift */,
			);
			path = Rank;
			sourceTree = "<group>";
		};
		506655CF21D25A3400580137 /* Like */ = {
			isa = PBXGroup;
			children = (
				506655D021D25A4A00580137 /* LikeVC.swift */,
				506E5C5521D5D8080016549B /* LikeProductCVC.swift */,
				5082DF6B21D4AF2900E4135D /* LikeBrandTVC.swift */,
			);
			path = Like;
			sourceTree = "<group>";
		};
		506655D421D25AFB00580137 /* MyPage */ = {
			isa = PBXGroup;
			children = (
				506655D521D25B1100580137 /* MyPageVC.swift */,
				506E5C5921D64BA10016549B /* SettingVC.swift */,
				503114B321E44F53008D81AC /* ChangeBrandVC.swift */,
				5068A53621DE25B000F22E95 /* SizeInfo */,
				5068A53721DE25DA00F22E95 /* UserInfoAdmin */,
			);
			path = MyPage;
			sourceTree = "<group>";
		};
		5068A53621DE25B000F22E95 /* SizeInfo */ = {
			isa = PBXGroup;
			children = (
				50B9A7CE21DB2F6E0088E02D /* SizeInfoVC1.swift */,
				5068A52E21DD3F4F00F22E95 /* SizeInfoVC2.swift */,
				5068A53021DD3F7100F22E95 /* SizeInfoVC3.swift */,
				5068A53821DE262600F22E95 /* BrandSelectVC.swift */,
				5068A53A21DE263C00F22E95 /* ProductSelectVC.swift */,
				50DD803E21E0D71D00E6F743 /* MySizeVC.swift */,
			);
			path = SizeInfo;
			sourceTree = "<group>";
		};
		5068A53721DE25DA00F22E95 /* UserInfoAdmin */ = {
			isa = PBXGroup;
			children = (
				504CBAEA21D9DA38008606F7 /* UserInfoAdminVC.swift */,
				504CBAEC21D9DA46008606F7 /* PostCodeVC.swift */,
			);
			path = UserInfoAdmin;
			sourceTree = "<group>";
		};
		506E5C5B21D69E8F0016549B /* Main */ = {
			isa = PBXGroup;
			children = (
				506655D921D26FF900580137 /* CategoryTVCell.swift */,
				50DD803821E0890000E6F743 /* CategoryDetailCVCell.swift */,
			);
			path = Main;
			sourceTree = "<group>";
		};
		506E5C5C21D69E9A0016549B /* Like */ = {
			isa = PBXGroup;
			children = (
				506E5C4F21D546660016549B /* LikeBrandTVCell.swift */,
				506E5C5121D5D7240016549B /* LikeProductCVCell.swift */,
			);
			path = Like;
			sourceTree = "<group>";
		};
		506E5C5D21D69EBB0016549B /* MyPage */ = {
			isa = PBXGroup;
			children = (
				506E5C5721D60F840016549B /* MyPageTVCell.swift */,
				50B9A7D021DB30D50088E02D /* SizeInfo1TVCell.swift */,
				5068A53221DDD8A000F22E95 /* SizeInfo2CVCell.swift */,
				5068A53421DDDA2500F22E95 /* SizeInfo3TVCell.swift */,
				5068A53E21DE29E900F22E95 /* BrandSelectTVCell.swift */,
				5068A53C21DE29DB00F22E95 /* ProductSelectTVCell.swift */,
			);
			path = MyPage;
			sourceTree = "<group>";
		};
		506E5C5E21D69ED30016549B /* Search */ = {
			isa = PBXGroup;
			children = (
				50DD803C21E0C37F00E6F743 /* SearchCVCell.swift */,
				5031149321E27D0E008D81AC /* SearchCRV.swift */,
				506E5C6621D7584D0016549B /* SearchProductCVCell.swift */,
				506E5C6821D758680016549B /* SearchBrandTVCell.swift */,
			);
			path = Search;
			sourceTree = "<group>";
		};
		50DD804021E19E3300E6F743 /* Network */ = {
			isa = PBXGroup;
			children = (
				50DD804221E19E6900E6F743 /* NetworkResult.swift */,
				50DD804421E1AA5800E6F743 /* APIManager.swift */,
				50DD804621E1AA9F00E6F743 /* Requestable.swift */,
				50DD805221E1B1C200E6F743 /* Service */,
			);
			path = Network;
			sourceTree = "<group>";
		};
		50DD804121E19E4B00E6F743 /* Extension */ = {
			isa = PBXGroup;
			children = (
				A5D2EB5521E09834002C23A7 /* ExtensionControl.swift */,
				50DD804E21E1AB8E00E6F743 /* UIImageView+Extensions.swift */,
				50DD805021E1ABAB00E6F743 /* UIViewController+Extensions.swift */,
			);
			path = Extension;
			sourceTree = "<group>";
		};
		50DD805221E1B1C200E6F743 /* Service */ = {
			isa = PBXGroup;
			children = (
				503114AA21E386D4008D81AC /* Search */,
				5031148221E1E99F008D81AC /* LogIn */,
				5031148321E1E9AB008D81AC /* Brand */,
				5031148A21E22A0C008D81AC /* Like */,
				503114B521E4517E008D81AC /* MyPage */,
			);
			path = Service;
			sourceTree = "<group>";
		};
		6773F0E3D5EDC3069E6DFDE0 /* Frameworks */ = {
			isa = PBXGroup;
			children = (
				9BE1C5D46AEA35680C9E2CCD /* Pods_Befit.framework */,
			);
			name = Frameworks;
			sourceTree = "<group>";
		};
		DC144B7C24892A3853F6A0DF /* Pods */ = {
			isa = PBXGroup;
			children = (
				4E9628501C4FE32118E472D1 /* Pods-Befit.debug.xcconfig */,
				C6F1753E98B305F8F0B08C8C /* Pods-Befit.release.xcconfig */,
			);
			name = Pods;
			sourceTree = "<group>";
		};
/* End PBXGroup section */

/* Begin PBXNativeTarget section */
		5066557221D21FDF00580137 /* Befit */ = {
			isa = PBXNativeTarget;
			buildConfigurationList = 5066558521D21FE000580137 /* Build configuration list for PBXNativeTarget "Befit" */;
			buildPhases = (
				A2AA62E64A3D7FE53C1EABA2 /* [CP] Check Pods Manifest.lock */,
				5066556F21D21FDF00580137 /* Sources */,
				5066557021D21FDF00580137 /* Frameworks */,
				5066557121D21FDF00580137 /* Resources */,
				28D3253A3E4D66BC441E4ED9 /* [CP] Embed Pods Frameworks */,
			);
			buildRules = (
			);
			dependencies = (
			);
			name = Befit;
			productName = Befit;
			productReference = 5066557321D21FDF00580137 /* Befit.app */;
			productType = "com.apple.product-type.application";
		};
/* End PBXNativeTarget section */

/* Begin PBXProject section */
		5066556B21D21FDF00580137 /* Project object */ = {
			isa = PBXProject;
			attributes = {
				LastSwiftUpdateCheck = 1010;
				LastUpgradeCheck = 1010;
				ORGANIZATIONNAME = GGOMMI;
				TargetAttributes = {
					5066557221D21FDF00580137 = {
						CreatedOnToolsVersion = 10.1;
					};
				};
			};
			buildConfigurationList = 5066556E21D21FDF00580137 /* Build configuration list for PBXProject "Befit" */;
			compatibilityVersion = "Xcode 9.3";
			developmentRegion = en;
			hasScannedForEncodings = 0;
			knownRegions = (
				en,
				Base,
			);
			mainGroup = 5066556A21D21FDF00580137;
			productRefGroup = 5066557421D21FDF00580137 /* Products */;
			projectDirPath = "";
			projectRoot = "";
			targets = (
				5066557221D21FDF00580137 /* Befit */,
			);
		};
/* End PBXProject section */

/* Begin PBXResourcesBuildPhase section */
		5066557121D21FDF00580137 /* Resources */ = {
			isa = PBXResourcesBuildPhase;
			buildActionMask = 2147483647;
			files = (
				506655CE21D259F200580137 /* Like.storyboard in Resources */,
				5031149621E34A6F008D81AC /* Brand.storyboard in Resources */,
				506655C921D258FA00580137 /* Rank.storyboard in Resources */,
				5066559221D22A8900580137 /* LogIn.storyboard in Resources */,
				506655D321D25AD100580137 /* MyPage.storyboard in Resources */,
				5066558121D21FE000580137 /* LaunchScreen.storyboard in Resources */,
				5031149821E34A80008D81AC /* Product.storyboard in Resources */,
				5066557E21D21FE000580137 /* Assets.xcassets in Resources */,
				5066557C21D21FDF00580137 /* Main.storyboard in Resources */,
				506655C421D2578100580137 /* Search.storyboard in Resources */,
			);
			runOnlyForDeploymentPostprocessing = 0;
		};
/* End PBXResourcesBuildPhase section */

/* Begin PBXShellScriptBuildPhase section */
		28D3253A3E4D66BC441E4ED9 /* [CP] Embed Pods Frameworks */ = {
			isa = PBXShellScriptBuildPhase;
			buildActionMask = 2147483647;
			files = (
			);
			inputPaths = (
				"${SRCROOT}/Pods/Target Support Files/Pods-Befit/Pods-Befit-frameworks.sh",
				"${BUILT_PRODUCTS_DIR}/Alamofire/Alamofire.framework",
				"${BUILT_PRODUCTS_DIR}/AlamofireObjectMapper/AlamofireObjectMapper.framework",
				"${BUILT_PRODUCTS_DIR}/Kingfisher/Kingfisher.framework",
				"${BUILT_PRODUCTS_DIR}/ObjectMapper/ObjectMapper.framework",
				"${BUILT_PRODUCTS_DIR}/SNCollectionViewLayout/SNCollectionViewLayout.framework",
				"${BUILT_PRODUCTS_DIR}/SideMenuSwift/SideMenuSwift.framework",
				"${BUILT_PRODUCTS_DIR}/XLPagerTabStrip/XLPagerTabStrip.framework",
			);
			name = "[CP] Embed Pods Frameworks";
			outputPaths = (
				"${TARGET_BUILD_DIR}/${FRAMEWORKS_FOLDER_PATH}/Alamofire.framework",
				"${TARGET_BUILD_DIR}/${FRAMEWORKS_FOLDER_PATH}/AlamofireObjectMapper.framework",
				"${TARGET_BUILD_DIR}/${FRAMEWORKS_FOLDER_PATH}/Kingfisher.framework",
				"${TARGET_BUILD_DIR}/${FRAMEWORKS_FOLDER_PATH}/ObjectMapper.framework",
				"${TARGET_BUILD_DIR}/${FRAMEWORKS_FOLDER_PATH}/SNCollectionViewLayout.framework",
				"${TARGET_BUILD_DIR}/${FRAMEWORKS_FOLDER_PATH}/SideMenuSwift.framework",
				"${TARGET_BUILD_DIR}/${FRAMEWORKS_FOLDER_PATH}/XLPagerTabStrip.framework",
			);
			runOnlyForDeploymentPostprocessing = 0;
			shellPath = /bin/sh;
			shellScript = "\"${SRCROOT}/Pods/Target Support Files/Pods-Befit/Pods-Befit-frameworks.sh\"\n";
			showEnvVarsInLog = 0;
		};
		A2AA62E64A3D7FE53C1EABA2 /* [CP] Check Pods Manifest.lock */ = {
			isa = PBXShellScriptBuildPhase;
			buildActionMask = 2147483647;
			files = (
			);
			inputPaths = (
				"${PODS_PODFILE_DIR_PATH}/Podfile.lock",
				"${PODS_ROOT}/Manifest.lock",
			);
			name = "[CP] Check Pods Manifest.lock";
			outputPaths = (
				"$(DERIVED_FILE_DIR)/Pods-Befit-checkManifestLockResult.txt",
			);
			runOnlyForDeploymentPostprocessing = 0;
			shellPath = /bin/sh;
			shellScript = "diff \"${PODS_PODFILE_DIR_PATH}/Podfile.lock\" \"${PODS_ROOT}/Manifest.lock\" > /dev/null\nif [ $? != 0 ] ; then\n    # print error to STDERR\n    echo \"error: The sandbox is not in sync with the Podfile.lock. Run 'pod install' or update your CocoaPods installation.\" >&2\n    exit 1\nfi\n# This output is used by Xcode 'outputs' to avoid re-running this script phase.\necho \"SUCCESS\" > \"${SCRIPT_OUTPUT_FILE_0}\"\n";
			showEnvVarsInLog = 0;
		};
/* End PBXShellScriptBuildPhase section */

/* Begin PBXSourcesBuildPhase section */
		5066556F21D21FDF00580137 /* Sources */ = {
			isa = PBXSourcesBuildPhase;
			buildActionMask = 2147483647;
			files = (
				50DD804521E1AA5800E6F743 /* APIManager.swift in Sources */,
				50DD804921E1AACA00E6F743 /* Token.swift in Sources */,
				5031148C21E22A42008D81AC /* LikeBrandService.swift in Sources */,
				506655D821D25E4900580137 /* CategoryVC.swift in Sources */,
				50DD803721E088BD00E6F743 /* CategoryDetailVC.swift in Sources */,
				503114A021E37EC5008D81AC /* Product.swift in Sources */,
				50DD804D21E1AAFC00E6F743 /* ResponseArray.swift in Sources */,
				50DD805A21E1D8FD00E6F743 /* SignUpService.swift in Sources */,
				5068A53D21DE29DB00F22E95 /* ProductSelectTVCell.swift in Sources */,
				506E5C6921D758680016549B /* SearchBrandTVCell.swift in Sources */,
				5068A53321DDD8A000F22E95 /* SizeInfo2CVCell.swift in Sources */,
				5066558E21D228C900580137 /* Category.swift in Sources */,
				506655D621D25B1100580137 /* MyPageVC.swift in Sources */,
				503114BE21E48812008D81AC /* BrandSelectService.swift in Sources */,
				5031148E21E22A4F008D81AC /* LikeProductService.swift in Sources */,
				A5BA69AE21E1DCB200949E42 /* DescriptionVC.swift in Sources */,
				506E5C5021D546660016549B /* LikeBrandTVCell.swift in Sources */,
				5031149B21E34F31008D81AC /* BrandCRV.swift in Sources */,
				50DD804B21E1AAE400E6F743 /* ResponseObject.swift in Sources */,
				503114AE21E3C5F7008D81AC /* UserInfoService.swift in Sources */,
				5031148921E1EAC5008D81AC /* Brand.swift in Sources */,
				506E5C6121D74EA80016549B /* SearchProductVC.swift in Sources */,
				50B9A7D121DB30D50088E02D /* SizeInfo1TVCell.swift in Sources */,
				506E5C5221D5D7240016549B /* LikeProductCVCell.swift in Sources */,
				503114B221E3CF64008D81AC /* SetUserInfoService.swift in Sources */,
				503114C021E4881E008D81AC /* ProductSelectService.swift in Sources */,
				506E5C5821D60F840016549B /* MyPageTVCell.swift in Sources */,
				50DD803B21E0BE7E00E6F743 /* SearchVC1.swift in Sources */,
				506E5C6521D756A50016549B /* SearchVC2.swift in Sources */,
				503114B721E4519C008D81AC /* ChangeBrandService.swift in Sources */,
				506655DA21D26FF900580137 /* CategoryTVCell.swift in Sources */,
				5082DF6C21D4AF2900E4135D /* LikeBrandTVC.swift in Sources */,
				5066557921D21FDF00580137 /* MainVC.swift in Sources */,
				506E5C5621D5D8080016549B /* LikeProductCVC.swift in Sources */,
				503114AC21E38714008D81AC /* SearchFirstService.swift in Sources */,
				50DD805121E1ABAB00E6F743 /* UIViewController+Extensions.swift in Sources */,
				50B9A7CF21DB2F6E0088E02D /* SizeInfoVC1.swift in Sources */,
				A5BA69AC21E1C73300949E42 /* BrandVC.swift in Sources */,
				503114A521E37F80008D81AC /* L.swift in Sources */,
				A5D2EB5621E09834002C23A7 /* ExtensionControl.swift in Sources */,
				506655C021D2548A00580137 /* UserInfoVC2.swift in Sources */,
				503114C221E4F9AF008D81AC /* AddClosetService.swift in Sources */,
				50DD805821E1CF3000E6F743 /* PWSettingService.swift in Sources */,
				506655BE21D2548000580137 /* UserInfoVC1.swift in Sources */,
				A59B1CDC21D9BA6E00C2B6F2 /* FindPWVC.swift in Sources */,
				506655D121D25A4A00580137 /* LikeVC.swift in Sources */,
				50DD804321E19E6900E6F743 /* NetworkResult.swift in Sources */,
				506655BC21D2547500580137 /* UserInfoVC3.swift in Sources */,
				5068A53B21DE263C00F22E95 /* ProductSelectVC.swift in Sources */,
				503DF98D21D88A12001F950D /* SearchBrandTVC.swift in Sources */,
				50DD804721E1AA9F00E6F743 /* Requestable.swift in Sources */,
				506655C721D257CF00580137 /* SearchVC.swift in Sources */,
				503114A221E37ED9008D81AC /* Measure.swift in Sources */,
				5068A53F21DE29E900F22E95 /* BrandSelectTVCell.swift in Sources */,
				A59B1CDA21D87F2100C2B6F2 /* PWSettingVC.swift in Sources */,
				5031148521E1E9FB008D81AC /* BrandRankService.swift in Sources */,
				504CBAED21D9DA46008606F7 /* PostCodeVC.swift in Sources */,
				503114BA21E4771D008D81AC /* GetClosetListService.swift in Sources */,
				503114A721E37F86008D81AC /* M.swift in Sources */,
				503114B021E3C646008D81AC /* User.swift in Sources */,
				5031149421E27D0E008D81AC /* SearchCRV.swift in Sources */,
				506655BA21D2546900580137 /* LogInVC.swift in Sources */,
				503114B421E44F53008D81AC /* ChangeBrandVC.swift in Sources */,
				5031149E21E36CB9008D81AC /* ProductVC.swift in Sources */,
				5068A53121DD3F7100F22E95 /* SizeInfoVC3.swift in Sources */,
				50DD803D21E0C37F00E6F743 /* SearchCVCell.swift in Sources */,
				50DD805421E1B1D200E6F743 /* LogInService.swift in Sources */,
				506E5C6721D7584D0016549B /* SearchProductCVCell.swift in Sources */,
				503114BC21E47962008D81AC /* Closet.swift in Sources */,
				501F73E521D92BD0000D2F3E /* RankTVCell.swift in Sources */,
				506E5C5A21D64BA10016549B /* SettingVC.swift in Sources */,
				5068A53921DE262600F22E95 /* BrandSelectVC.swift in Sources */,
				504CBAEB21D9DA38008606F7 /* UserInfoAdminVC.swift in Sources */,
				506655CC21D2592400580137 /* RankVC.swift in Sources */,
				50DD803921E0890000E6F743 /* CategoryDetailCVCell.swift in Sources */,
				50DD804F21E1AB8E00E6F743 /* UIImageView+Extensions.swift in Sources */,
				5068A52F21DD3F4F00F22E95 /* SizeInfoVC2.swift in Sources */,
				5066557721D21FDF00580137 /* AppDelegate.swift in Sources */,
				50DD803F21E0D71D00E6F743 /* MySizeVC.swift in Sources */,
				5068A53521DDDA2500F22E95 /* SizeInfo3TVCell.swift in Sources */,
				503114A921E37F8D008D81AC /* S.swift in Sources */,
				50DD805621E1C5D400E6F743 /* FindPWService.swift in Sources */,
			);
			runOnlyForDeploymentPostprocessing = 0;
		};
/* End PBXSourcesBuildPhase section */

/* Begin PBXVariantGroup section */
		5066557A21D21FDF00580137 /* Main.storyboard */ = {
			isa = PBXVariantGroup;
			children = (
				5066557B21D21FDF00580137 /* Base */,
			);
			name = Main.storyboard;
			sourceTree = "<group>";
		};
		5066557F21D21FE000580137 /* LaunchScreen.storyboard */ = {
			isa = PBXVariantGroup;
			children = (
				5066558021D21FE000580137 /* Base */,
			);
			name = LaunchScreen.storyboard;
			sourceTree = "<group>";
		};
/* End PBXVariantGroup section */

/* Begin XCBuildConfiguration section */
		5066558321D21FE000580137 /* Debug */ = {
			isa = XCBuildConfiguration;
			buildSettings = {
				ALWAYS_SEARCH_USER_PATHS = NO;
				CLANG_ANALYZER_NONNULL = YES;
				CLANG_ANALYZER_NUMBER_OBJECT_CONVERSION = YES_AGGRESSIVE;
				CLANG_CXX_LANGUAGE_STANDARD = "gnu++14";
				CLANG_CXX_LIBRARY = "libc++";
				CLANG_ENABLE_MODULES = YES;
				CLANG_ENABLE_OBJC_ARC = YES;
				CLANG_ENABLE_OBJC_WEAK = YES;
				CLANG_WARN_BLOCK_CAPTURE_AUTORELEASING = YES;
				CLANG_WARN_BOOL_CONVERSION = YES;
				CLANG_WARN_COMMA = YES;
				CLANG_WARN_CONSTANT_CONVERSION = YES;
				CLANG_WARN_DEPRECATED_OBJC_IMPLEMENTATIONS = YES;
				CLANG_WARN_DIRECT_OBJC_ISA_USAGE = YES_ERROR;
				CLANG_WARN_DOCUMENTATION_COMMENTS = YES;
				CLANG_WARN_EMPTY_BODY = YES;
				CLANG_WARN_ENUM_CONVERSION = YES;
				CLANG_WARN_INFINITE_RECURSION = YES;
				CLANG_WARN_INT_CONVERSION = YES;
				CLANG_WARN_NON_LITERAL_NULL_CONVERSION = YES;
				CLANG_WARN_OBJC_IMPLICIT_RETAIN_SELF = YES;
				CLANG_WARN_OBJC_LITERAL_CONVERSION = YES;
				CLANG_WARN_OBJC_ROOT_CLASS = YES_ERROR;
				CLANG_WARN_RANGE_LOOP_ANALYSIS = YES;
				CLANG_WARN_STRICT_PROTOTYPES = YES;
				CLANG_WARN_SUSPICIOUS_MOVE = YES;
				CLANG_WARN_UNGUARDED_AVAILABILITY = YES_AGGRESSIVE;
				CLANG_WARN_UNREACHABLE_CODE = YES;
				CLANG_WARN__DUPLICATE_METHOD_MATCH = YES;
				CODE_SIGN_IDENTITY = "iPhone Developer";
				COPY_PHASE_STRIP = NO;
				DEBUG_INFORMATION_FORMAT = dwarf;
				ENABLE_STRICT_OBJC_MSGSEND = YES;
				ENABLE_TESTABILITY = YES;
				GCC_C_LANGUAGE_STANDARD = gnu11;
				GCC_DYNAMIC_NO_PIC = NO;
				GCC_NO_COMMON_BLOCKS = YES;
				GCC_OPTIMIZATION_LEVEL = 0;
				GCC_PREPROCESSOR_DEFINITIONS = (
					"DEBUG=1",
					"$(inherited)",
				);
				GCC_WARN_64_TO_32_BIT_CONVERSION = YES;
				GCC_WARN_ABOUT_RETURN_TYPE = YES_ERROR;
				GCC_WARN_UNDECLARED_SELECTOR = YES;
				GCC_WARN_UNINITIALIZED_AUTOS = YES_AGGRESSIVE;
				GCC_WARN_UNUSED_FUNCTION = YES;
				GCC_WARN_UNUSED_VARIABLE = YES;
				IPHONEOS_DEPLOYMENT_TARGET = 12.1;
				MTL_ENABLE_DEBUG_INFO = INCLUDE_SOURCE;
				MTL_FAST_MATH = YES;
				ONLY_ACTIVE_ARCH = YES;
				SDKROOT = iphoneos;
				SWIFT_ACTIVE_COMPILATION_CONDITIONS = DEBUG;
				SWIFT_OPTIMIZATION_LEVEL = "-Onone";
			};
			name = Debug;
		};
		5066558421D21FE000580137 /* Release */ = {
			isa = XCBuildConfiguration;
			buildSettings = {
				ALWAYS_SEARCH_USER_PATHS = NO;
				CLANG_ANALYZER_NONNULL = YES;
				CLANG_ANALYZER_NUMBER_OBJECT_CONVERSION = YES_AGGRESSIVE;
				CLANG_CXX_LANGUAGE_STANDARD = "gnu++14";
				CLANG_CXX_LIBRARY = "libc++";
				CLANG_ENABLE_MODULES = YES;
				CLANG_ENABLE_OBJC_ARC = YES;
				CLANG_ENABLE_OBJC_WEAK = YES;
				CLANG_WARN_BLOCK_CAPTURE_AUTORELEASING = YES;
				CLANG_WARN_BOOL_CONVERSION = YES;
				CLANG_WARN_COMMA = YES;
				CLANG_WARN_CONSTANT_CONVERSION = YES;
				CLANG_WARN_DEPRECATED_OBJC_IMPLEMENTATIONS = YES;
				CLANG_WARN_DIRECT_OBJC_ISA_USAGE = YES_ERROR;
				CLANG_WARN_DOCUMENTATION_COMMENTS = YES;
				CLANG_WARN_EMPTY_BODY = YES;
				CLANG_WARN_ENUM_CONVERSION = YES;
				CLANG_WARN_INFINITE_RECURSION = YES;
				CLANG_WARN_INT_CONVERSION = YES;
				CLANG_WARN_NON_LITERAL_NULL_CONVERSION = YES;
				CLANG_WARN_OBJC_IMPLICIT_RETAIN_SELF = YES;
				CLANG_WARN_OBJC_LITERAL_CONVERSION = YES;
				CLANG_WARN_OBJC_ROOT_CLASS = YES_ERROR;
				CLANG_WARN_RANGE_LOOP_ANALYSIS = YES;
				CLANG_WARN_STRICT_PROTOTYPES = YES;
				CLANG_WARN_SUSPICIOUS_MOVE = YES;
				CLANG_WARN_UNGUARDED_AVAILABILITY = YES_AGGRESSIVE;
				CLANG_WARN_UNREACHABLE_CODE = YES;
				CLANG_WARN__DUPLICATE_METHOD_MATCH = YES;
				CODE_SIGN_IDENTITY = "iPhone Developer";
				COPY_PHASE_STRIP = NO;
				DEBUG_INFORMATION_FORMAT = "dwarf-with-dsym";
				ENABLE_NS_ASSERTIONS = NO;
				ENABLE_STRICT_OBJC_MSGSEND = YES;
				GCC_C_LANGUAGE_STANDARD = gnu11;
				GCC_NO_COMMON_BLOCKS = YES;
				GCC_WARN_64_TO_32_BIT_CONVERSION = YES;
				GCC_WARN_ABOUT_RETURN_TYPE = YES_ERROR;
				GCC_WARN_UNDECLARED_SELECTOR = YES;
				GCC_WARN_UNINITIALIZED_AUTOS = YES_AGGRESSIVE;
				GCC_WARN_UNUSED_FUNCTION = YES;
				GCC_WARN_UNUSED_VARIABLE = YES;
				IPHONEOS_DEPLOYMENT_TARGET = 12.1;
				MTL_ENABLE_DEBUG_INFO = NO;
				MTL_FAST_MATH = YES;
				SDKROOT = iphoneos;
				SWIFT_COMPILATION_MODE = wholemodule;
				SWIFT_OPTIMIZATION_LEVEL = "-O";
				VALIDATE_PRODUCT = YES;
			};
			name = Release;
		};
		5066558621D21FE000580137 /* Debug */ = {
			isa = XCBuildConfiguration;
			baseConfigurationReference = 4E9628501C4FE32118E472D1 /* Pods-Befit.debug.xcconfig */;
			buildSettings = {
				ASSETCATALOG_COMPILER_APPICON_NAME = AppIcon;
				CODE_SIGN_STYLE = Automatic;
				DEVELOPMENT_TEAM = 7ZCA7Z3DUW;
				INFOPLIST_FILE = "$(SRCROOT)/Befit/Resources/Info.plist";
				IPHONEOS_DEPLOYMENT_TARGET = 11.4;
				LD_RUNPATH_SEARCH_PATHS = (
					"$(inherited)",
					"@executable_path/Frameworks",
				);
				PRODUCT_BUNDLE_IDENTIFIER = com.sopt.Befit;
				PRODUCT_NAME = "$(TARGET_NAME)";
				SWIFT_VERSION = 4.2;
				TARGETED_DEVICE_FAMILY = 1;
			};
			name = Debug;
		};
		5066558721D21FE000580137 /* Release */ = {
			isa = XCBuildConfiguration;
			baseConfigurationReference = C6F1753E98B305F8F0B08C8C /* Pods-Befit.release.xcconfig */;
			buildSettings = {
				ASSETCATALOG_COMPILER_APPICON_NAME = AppIcon;
				CODE_SIGN_STYLE = Automatic;
				DEVELOPMENT_TEAM = 7ZCA7Z3DUW;
				INFOPLIST_FILE = "$(SRCROOT)/Befit/Resources/Info.plist";
				IPHONEOS_DEPLOYMENT_TARGET = 11.4;
				LD_RUNPATH_SEARCH_PATHS = (
					"$(inherited)",
					"@executable_path/Frameworks",
				);
				PRODUCT_BUNDLE_IDENTIFIER = com.sopt.Befit;
				PRODUCT_NAME = "$(TARGET_NAME)";
				SWIFT_VERSION = 4.2;
				TARGETED_DEVICE_FAMILY = 1;
			};
			name = Release;
		};
/* End XCBuildConfiguration section */

/* Begin XCConfigurationList section */
		5066556E21D21FDF00580137 /* Build configuration list for PBXProject "Befit" */ = {
			isa = XCConfigurationList;
			buildConfigurations = (
				5066558321D21FE000580137 /* Debug */,
				5066558421D21FE000580137 /* Release */,
			);
			defaultConfigurationIsVisible = 0;
			defaultConfigurationName = Release;
		};
		5066558521D21FE000580137 /* Build configuration list for PBXNativeTarget "Befit" */ = {
			isa = XCConfigurationList;
			buildConfigurations = (
				5066558621D21FE000580137 /* Debug */,
				5066558721D21FE000580137 /* Release */,
			);
			defaultConfigurationIsVisible = 0;
			defaultConfigurationName = Release;
		};
/* End XCConfigurationList section */
	};
	rootObject = 5066556B21D21FDF00580137 /* Project object */;
}
